
Microsoft Visual Studio Solution File, Format Version 12.00
# Visual Studio Version 16
VisualStudioVersion = 16.0.31019.35
MinimumVisualStudioVersion = 10.0.40219.1
Project("{9A19103F-16F7-4668-BE54-9A1E7A4F7556}") = "AnywayBank", "AnywayBank\AnywayBank.csproj", "{2388C896-67A6-40CB-B684-F24995437F47}"
EndProject
Project("{2150E333-8FDC-42A3-9474-1A3956D46DE8}") = "src", "src", "{EACAE4E5-854D-4567-A66E-995E8F13F577}"
EndProject
Project("{9A19103F-16F7-4668-BE54-9A1E7A4F7556}") = "Database", "Database\Database.csproj", "{B53F469B-3D14-40B6-ADF7-6D1DAB556FFA}"
EndProject
Project("{9A19103F-16F7-4668-BE54-9A1E7A4F7556}") = "DataManager", "DataManager\DataManager.csproj", "{C11929C4-9536-43BA-AC17-267E02F8E17B}"
EndProject
Project("{9A19103F-16F7-4668-BE54-9A1E7A4F7556}") = "Models", "Models\Models.csproj", "{85056720-A7B2-46A3-AAFD-A810CCC53F2E}"
EndProject
Project("{FAE04EC0-301F-11D3-BF4B-00C04F79EFBC}") = "AnywayBankCore", "AnywayBankCore\AnywayBankCore.csproj", "{30090DA1-D4B1-4313-BBE0-F02D83498ABF}"
EndProject
Global
	GlobalSection(SolutionConfigurationPlatforms) = preSolution
		Debug|Any CPU = Debug|Any CPU
		Release|Any CPU = Release|Any CPU
	EndGlobalSection
	GlobalSection(ProjectConfigurationPlatforms) = postSolution
		{2388C896-67A6-40CB-B684-F24995437F47}.Debug|Any CPU.ActiveCfg = Debug|Any CPU
		{2388C896-67A6-40CB-B684-F24995437F47}.Debug|Any CPU.Build.0 = Debug|Any CPU
		{2388C896-67A6-40CB-B684-F24995437F47}.Release|Any CPU.ActiveCfg = Release|Any CPU
		{2388C896-67A6-40CB-B684-F24995437F47}.Release|Any CPU.Build.0 = Release|Any CPU
		{B53F469B-3D14-40B6-ADF7-6D1DAB556FFA}.Debug|Any CPU.ActiveCfg = Debug|Any CPU
		{B53F469B-3D14-40B6-ADF7-6D1DAB556FFA}.Debug|Any CPU.Build.0 = Debug|Any CPU
		{B53F469B-3D14-40B6-ADF7-6D1DAB556FFA}.Release|Any CPU.ActiveCfg = Release|Any CPU
		{B53F469B-3D14-40B6-ADF7-6D1DAB556FFA}.Release|Any CPU.Build.0 = Release|Any CPU
		{C11929C4-9536-43BA-AC17-267E02F8E17B}.Debug|Any CPU.ActiveCfg = Debug|Any CPU
		{C11929C4-9536-43BA-AC17-267E02F8E17B}.Debug|Any CPU.Build.0 = Debug|Any CPU
		{C11929C4-9536-43BA-AC17-267E02F8E17B}.Release|Any CPU.ActiveCfg = Release|Any CPU
		{C11929C4-9536-43BA-AC17-267E02F8E17B}.Release|Any CPU.Build.0 = Release|Any CPU
		{85056720-A7B2-46A3-AAFD-A810CCC53F2E}.Debug|Any CPU.ActiveCfg = Debug|Any CPU
		{85056720-A7B2-46A3-AAFD-A810CCC53F2E}.Debug|Any CPU.Build.0 = Debug|Any CPU
		{85056720-A7B2-46A3-AAFD-A810CCC53F2E}.Release|Any CPU.ActiveCfg = Release|Any CPU
		{85056720-A7B2-46A3-AAFD-A810CCC53F2E}.Release|Any CPU.Build.0 = Release|Any CPU
		{30090DA1-D4B1-4313-BBE0-F02D83498ABF}.Debug|Any CPU.ActiveCfg = Debug|Any CPU
		{30090DA1-D4B1-4313-BBE0-F02D83498ABF}.Debug|Any CPU.Build.0 = Debug|Any CPU
		{30090DA1-D4B1-4313-BBE0-F02D83498ABF}.Release|Any CPU.ActiveCfg = Release|Any CPU
		{30090DA1-D4B1-4313-BBE0-F02D83498ABF}.Release|Any CPU.Build.0 = Release|Any CPU
	EndGlobalSection
	GlobalSection(SolutionProperties) = preSolution
		HideSolutionNode = FALSE
	EndGlobalSection
	GlobalSection(NestedProjects) = preSolution
		{2388C896-67A6-40CB-B684-F24995437F47} = {EACAE4E5-854D-4567-A66E-995E8F13F577}
		{B53F469B-3D14-40B6-ADF7-6D1DAB556FFA} = {EACAE4E5-854D-4567-A66E-995E8F13F577}
		{C11929C4-9536-43BA-AC17-267E02F8E17B} = {EACAE4E5-854D-4567-A66E-995E8F13F577}
		{85056720-A7B2-46A3-AAFD-A810CCC53F2E} = {EACAE4E5-854D-4567-A66E-995E8F13F577}
		{30090DA1-D4B1-4313-BBE0-F02D83498ABF} = {EACAE4E5-854D-4567-A66E-995E8F13F577}
	EndGlobalSection
	GlobalSection(ExtensibilityGlobals) = postSolution
		SolutionGuid = {6FA6553B-79D7-4A2F-9AA2-DB06C9C153CD}
	EndGlobalSection
EndGlobal
