
Microsoft Visual Studio Solution File, Format Version 12.00
# Visual Studio Version 16
VisualStudioVersion = 16.0.31019.35
MinimumVisualStudioVersion = 10.0.40219.1
Project("{2150E333-8FDC-42A3-9474-1A3956D46DE8}") = "src", "src", "{EACAE4E5-854D-4567-A66E-995E8F13F577}"
EndProject
Project("{2150E333-8FDC-42A3-9474-1A3956D46DE8}") = "AnywayBank", "AnywayBank", "{DCDB57E8-A2C5-4BBE-907D-8831C29F4381}"
EndProject
Project("{2150E333-8FDC-42A3-9474-1A3956D46DE8}") = "Identity", "Identity", "{5F6DD88B-4D9B-488D-9F3F-C4834FAA36FD}"
EndProject
Project("{2150E333-8FDC-42A3-9474-1A3956D46DE8}") = "Common", "Common", "{2B95CBFE-FCE2-4EF2-87F1-13B76EF3E67E}"
EndProject
Project("{9A19103F-16F7-4668-BE54-9A1E7A4F7556}") = "AnywayBankApi", "AnywayBank\AnywayBankApi\AnywayBankApi.csproj", "{7712E50D-3F4E-4D75-B600-CCA0BF57703A}"
EndProject
Project("{9A19103F-16F7-4668-BE54-9A1E7A4F7556}") = "AnywayBankCore", "AnywayBank\AnywayBankCore\AnywayBankCore.csproj", "{697DF5D4-E87C-4E7F-A8A6-23FC9AADB549}"
EndProject
Project("{9A19103F-16F7-4668-BE54-9A1E7A4F7556}") = "Data", "AnywayBank\Data\Data.csproj", "{B8DBD9CF-B4B5-40B3-B9A4-EB7A58637268}"
EndProject
Project("{9A19103F-16F7-4668-BE54-9A1E7A4F7556}") = "Database", "AnywayBank\Database\Database.csproj", "{289134CE-B454-45EA-8EF0-087091692FC7}"
EndProject
Project("{9A19103F-16F7-4668-BE54-9A1E7A4F7556}") = "CommonDatabase", "Common\CommonDatabase\CommonDatabase.csproj", "{DC201B16-9F8E-4199-9F98-3E0F971DD362}"
EndProject
Project("{9A19103F-16F7-4668-BE54-9A1E7A4F7556}") = "CommonDataManager", "Common\CommonDataManager\CommonDataManager.csproj", "{BCB54045-E3D5-4355-ABA0-9B2338E553DE}"
EndProject
Project("{9A19103F-16F7-4668-BE54-9A1E7A4F7556}") = "DataManager", "AnywayBank\DataManager\DataManager.csproj", "{1ADF6A06-67D3-4A20-B69C-D8A465AFEAC6}"
EndProject
Project("{9A19103F-16F7-4668-BE54-9A1E7A4F7556}") = "Core", "Common\Core\Core.csproj", "{D29A6522-53E8-4413-B4B8-0009312BBB47}"
EndProject
Project("{9A19103F-16F7-4668-BE54-9A1E7A4F7556}") = "CommonData", "Common\CommonData\CommonData.csproj", "{219BAE87-FF4A-4362-AEF1-1CC6FA157DF9}"
EndProject
Project("{9A19103F-16F7-4668-BE54-9A1E7A4F7556}") = "Database", "Identity\Database\Database.csproj", "{981CB4AF-B02C-4551-B8E0-8A8B65D57759}"
EndProject
Project("{9A19103F-16F7-4668-BE54-9A1E7A4F7556}") = "IdentityApi", "Identity\IdentityApi\IdentityApi.csproj", "{CD222E2C-C33A-48F9-9A4A-15294A782515}"
EndProject
Project("{9A19103F-16F7-4668-BE54-9A1E7A4F7556}") = "Data", "Identity\Data\Data.csproj", "{3D48A993-85D4-4A4A-92AA-43EA43710925}"
EndProject
Project("{9A19103F-16F7-4668-BE54-9A1E7A4F7556}") = "IdentityCore", "Identity\IdentityCore\IdentityCore.csproj", "{DF72955C-FBA2-49F1-B7FB-C7AB466F5232}"
EndProject
Project("{9A19103F-16F7-4668-BE54-9A1E7A4F7556}") = "DataManager", "Identity\DataManager\DataManager.csproj", "{E818E087-AC8E-442B-AA42-45657238DDC4}"
EndProject
Project("{E53339B2-1760-4266-BCC7-CA923CBCF16C}") = "docker-compose", "docker-compose.dcproj", "{5A075D82-70AC-4DC2-B124-60ACA27402AA}"
EndProject
Project("{9A19103F-16F7-4668-BE54-9A1E7A4F7556}") = "CommonUtils", "Common\CommonUtils\CommonUtils.csproj", "{D365741A-2CA2-41B9-9434-20CF02CB9AA8}"
EndProject
Global
	GlobalSection(SolutionConfigurationPlatforms) = preSolution
		Debug|Any CPU = Debug|Any CPU
		Release|Any CPU = Release|Any CPU
	EndGlobalSection
	GlobalSection(ProjectConfigurationPlatforms) = postSolution
		{7712E50D-3F4E-4D75-B600-CCA0BF57703A}.Debug|Any CPU.ActiveCfg = Debug|Any CPU
		{7712E50D-3F4E-4D75-B600-CCA0BF57703A}.Debug|Any CPU.Build.0 = Debug|Any CPU
		{7712E50D-3F4E-4D75-B600-CCA0BF57703A}.Release|Any CPU.ActiveCfg = Release|Any CPU
		{7712E50D-3F4E-4D75-B600-CCA0BF57703A}.Release|Any CPU.Build.0 = Release|Any CPU
		{697DF5D4-E87C-4E7F-A8A6-23FC9AADB549}.Debug|Any CPU.ActiveCfg = Debug|Any CPU
		{697DF5D4-E87C-4E7F-A8A6-23FC9AADB549}.Debug|Any CPU.Build.0 = Debug|Any CPU
		{697DF5D4-E87C-4E7F-A8A6-23FC9AADB549}.Release|Any CPU.ActiveCfg = Release|Any CPU
		{697DF5D4-E87C-4E7F-A8A6-23FC9AADB549}.Release|Any CPU.Build.0 = Release|Any CPU
		{B8DBD9CF-B4B5-40B3-B9A4-EB7A58637268}.Debug|Any CPU.ActiveCfg = Debug|Any CPU
		{B8DBD9CF-B4B5-40B3-B9A4-EB7A58637268}.Debug|Any CPU.Build.0 = Debug|Any CPU
		{B8DBD9CF-B4B5-40B3-B9A4-EB7A58637268}.Release|Any CPU.ActiveCfg = Release|Any CPU
		{B8DBD9CF-B4B5-40B3-B9A4-EB7A58637268}.Release|Any CPU.Build.0 = Release|Any CPU
		{289134CE-B454-45EA-8EF0-087091692FC7}.Debug|Any CPU.ActiveCfg = Debug|Any CPU
		{289134CE-B454-45EA-8EF0-087091692FC7}.Debug|Any CPU.Build.0 = Debug|Any CPU
		{289134CE-B454-45EA-8EF0-087091692FC7}.Release|Any CPU.ActiveCfg = Release|Any CPU
		{289134CE-B454-45EA-8EF0-087091692FC7}.Release|Any CPU.Build.0 = Release|Any CPU
		{DC201B16-9F8E-4199-9F98-3E0F971DD362}.Debug|Any CPU.ActiveCfg = Debug|Any CPU
		{DC201B16-9F8E-4199-9F98-3E0F971DD362}.Debug|Any CPU.Build.0 = Debug|Any CPU
		{DC201B16-9F8E-4199-9F98-3E0F971DD362}.Release|Any CPU.ActiveCfg = Release|Any CPU
		{DC201B16-9F8E-4199-9F98-3E0F971DD362}.Release|Any CPU.Build.0 = Release|Any CPU
		{BCB54045-E3D5-4355-ABA0-9B2338E553DE}.Debug|Any CPU.ActiveCfg = Debug|Any CPU
		{BCB54045-E3D5-4355-ABA0-9B2338E553DE}.Debug|Any CPU.Build.0 = Debug|Any CPU
		{BCB54045-E3D5-4355-ABA0-9B2338E553DE}.Release|Any CPU.ActiveCfg = Release|Any CPU
		{BCB54045-E3D5-4355-ABA0-9B2338E553DE}.Release|Any CPU.Build.0 = Release|Any CPU
		{1ADF6A06-67D3-4A20-B69C-D8A465AFEAC6}.Debug|Any CPU.ActiveCfg = Debug|Any CPU
		{1ADF6A06-67D3-4A20-B69C-D8A465AFEAC6}.Debug|Any CPU.Build.0 = Debug|Any CPU
		{1ADF6A06-67D3-4A20-B69C-D8A465AFEAC6}.Release|Any CPU.ActiveCfg = Release|Any CPU
		{1ADF6A06-67D3-4A20-B69C-D8A465AFEAC6}.Release|Any CPU.Build.0 = Release|Any CPU
		{D29A6522-53E8-4413-B4B8-0009312BBB47}.Debug|Any CPU.ActiveCfg = Debug|Any CPU
		{D29A6522-53E8-4413-B4B8-0009312BBB47}.Debug|Any CPU.Build.0 = Debug|Any CPU
		{D29A6522-53E8-4413-B4B8-0009312BBB47}.Release|Any CPU.ActiveCfg = Release|Any CPU
		{D29A6522-53E8-4413-B4B8-0009312BBB47}.Release|Any CPU.Build.0 = Release|Any CPU
		{219BAE87-FF4A-4362-AEF1-1CC6FA157DF9}.Debug|Any CPU.ActiveCfg = Debug|Any CPU
		{219BAE87-FF4A-4362-AEF1-1CC6FA157DF9}.Debug|Any CPU.Build.0 = Debug|Any CPU
		{219BAE87-FF4A-4362-AEF1-1CC6FA157DF9}.Release|Any CPU.ActiveCfg = Release|Any CPU
		{219BAE87-FF4A-4362-AEF1-1CC6FA157DF9}.Release|Any CPU.Build.0 = Release|Any CPU
		{981CB4AF-B02C-4551-B8E0-8A8B65D57759}.Debug|Any CPU.ActiveCfg = Debug|Any CPU
		{981CB4AF-B02C-4551-B8E0-8A8B65D57759}.Debug|Any CPU.Build.0 = Debug|Any CPU
		{981CB4AF-B02C-4551-B8E0-8A8B65D57759}.Release|Any CPU.ActiveCfg = Release|Any CPU
		{981CB4AF-B02C-4551-B8E0-8A8B65D57759}.Release|Any CPU.Build.0 = Release|Any CPU
		{CD222E2C-C33A-48F9-9A4A-15294A782515}.Debug|Any CPU.ActiveCfg = Debug|Any CPU
		{CD222E2C-C33A-48F9-9A4A-15294A782515}.Debug|Any CPU.Build.0 = Debug|Any CPU
		{CD222E2C-C33A-48F9-9A4A-15294A782515}.Release|Any CPU.ActiveCfg = Release|Any CPU
		{CD222E2C-C33A-48F9-9A4A-15294A782515}.Release|Any CPU.Build.0 = Release|Any CPU
		{3D48A993-85D4-4A4A-92AA-43EA43710925}.Debug|Any CPU.ActiveCfg = Debug|Any CPU
		{3D48A993-85D4-4A4A-92AA-43EA43710925}.Debug|Any CPU.Build.0 = Debug|Any CPU
		{3D48A993-85D4-4A4A-92AA-43EA43710925}.Release|Any CPU.ActiveCfg = Release|Any CPU
		{3D48A993-85D4-4A4A-92AA-43EA43710925}.Release|Any CPU.Build.0 = Release|Any CPU
		{DF72955C-FBA2-49F1-B7FB-C7AB466F5232}.Debug|Any CPU.ActiveCfg = Debug|Any CPU
		{DF72955C-FBA2-49F1-B7FB-C7AB466F5232}.Debug|Any CPU.Build.0 = Debug|Any CPU
		{DF72955C-FBA2-49F1-B7FB-C7AB466F5232}.Release|Any CPU.ActiveCfg = Release|Any CPU
		{DF72955C-FBA2-49F1-B7FB-C7AB466F5232}.Release|Any CPU.Build.0 = Release|Any CPU
		{E818E087-AC8E-442B-AA42-45657238DDC4}.Debug|Any CPU.ActiveCfg = Debug|Any CPU
		{E818E087-AC8E-442B-AA42-45657238DDC4}.Debug|Any CPU.Build.0 = Debug|Any CPU
		{E818E087-AC8E-442B-AA42-45657238DDC4}.Release|Any CPU.ActiveCfg = Release|Any CPU
		{E818E087-AC8E-442B-AA42-45657238DDC4}.Release|Any CPU.Build.0 = Release|Any CPU
		{5A075D82-70AC-4DC2-B124-60ACA27402AA}.Debug|Any CPU.ActiveCfg = Debug|Any CPU
		{5A075D82-70AC-4DC2-B124-60ACA27402AA}.Debug|Any CPU.Build.0 = Debug|Any CPU
		{5A075D82-70AC-4DC2-B124-60ACA27402AA}.Release|Any CPU.ActiveCfg = Release|Any CPU
		{5A075D82-70AC-4DC2-B124-60ACA27402AA}.Release|Any CPU.Build.0 = Release|Any CPU
		{D365741A-2CA2-41B9-9434-20CF02CB9AA8}.Debug|Any CPU.ActiveCfg = Debug|Any CPU
		{D365741A-2CA2-41B9-9434-20CF02CB9AA8}.Debug|Any CPU.Build.0 = Debug|Any CPU
		{D365741A-2CA2-41B9-9434-20CF02CB9AA8}.Release|Any CPU.ActiveCfg = Release|Any CPU
		{D365741A-2CA2-41B9-9434-20CF02CB9AA8}.Release|Any CPU.Build.0 = Release|Any CPU
	EndGlobalSection
	GlobalSection(SolutionProperties) = preSolution
		HideSolutionNode = FALSE
	EndGlobalSection
	GlobalSection(NestedProjects) = preSolution
		{DCDB57E8-A2C5-4BBE-907D-8831C29F4381} = {EACAE4E5-854D-4567-A66E-995E8F13F577}
		{5F6DD88B-4D9B-488D-9F3F-C4834FAA36FD} = {EACAE4E5-854D-4567-A66E-995E8F13F577}
		{2B95CBFE-FCE2-4EF2-87F1-13B76EF3E67E} = {EACAE4E5-854D-4567-A66E-995E8F13F577}
		{7712E50D-3F4E-4D75-B600-CCA0BF57703A} = {DCDB57E8-A2C5-4BBE-907D-8831C29F4381}
		{697DF5D4-E87C-4E7F-A8A6-23FC9AADB549} = {DCDB57E8-A2C5-4BBE-907D-8831C29F4381}
		{B8DBD9CF-B4B5-40B3-B9A4-EB7A58637268} = {DCDB57E8-A2C5-4BBE-907D-8831C29F4381}
		{289134CE-B454-45EA-8EF0-087091692FC7} = {DCDB57E8-A2C5-4BBE-907D-8831C29F4381}
		{DC201B16-9F8E-4199-9F98-3E0F971DD362} = {2B95CBFE-FCE2-4EF2-87F1-13B76EF3E67E}
		{BCB54045-E3D5-4355-ABA0-9B2338E553DE} = {2B95CBFE-FCE2-4EF2-87F1-13B76EF3E67E}
		{1ADF6A06-67D3-4A20-B69C-D8A465AFEAC6} = {DCDB57E8-A2C5-4BBE-907D-8831C29F4381}
		{D29A6522-53E8-4413-B4B8-0009312BBB47} = {2B95CBFE-FCE2-4EF2-87F1-13B76EF3E67E}
		{219BAE87-FF4A-4362-AEF1-1CC6FA157DF9} = {2B95CBFE-FCE2-4EF2-87F1-13B76EF3E67E}
		{981CB4AF-B02C-4551-B8E0-8A8B65D57759} = {5F6DD88B-4D9B-488D-9F3F-C4834FAA36FD}
		{CD222E2C-C33A-48F9-9A4A-15294A782515} = {5F6DD88B-4D9B-488D-9F3F-C4834FAA36FD}
		{3D48A993-85D4-4A4A-92AA-43EA43710925} = {5F6DD88B-4D9B-488D-9F3F-C4834FAA36FD}
		{DF72955C-FBA2-49F1-B7FB-C7AB466F5232} = {5F6DD88B-4D9B-488D-9F3F-C4834FAA36FD}
		{E818E087-AC8E-442B-AA42-45657238DDC4} = {5F6DD88B-4D9B-488D-9F3F-C4834FAA36FD}
		{D365741A-2CA2-41B9-9434-20CF02CB9AA8} = {2B95CBFE-FCE2-4EF2-87F1-13B76EF3E67E}
	EndGlobalSection
	GlobalSection(ExtensibilityGlobals) = postSolution
		SolutionGuid = {6FA6553B-79D7-4A2F-9AA2-DB06C9C153CD}
	EndGlobalSection
EndGlobal
